# This file was autogenerated by Stack.
# You should not edit this file by hand.
# For more information, please see the documentation at:
#   https://docs.haskellstack.org/en/stable/lock_files

packages:
- completed:
    hackage: Yampa-0.14.6@sha256:1b820e195d0a6c4256a79c2e5a79947bbb26498c152cc60d00ef00c5e4e07211,6989
    pantry-tree:
      sha256: 91ac3f19fbde8930ffc762929f4b0a288615431f7117b8c843f5c461fce61083
      size: 2228
  original:
    hackage: Yampa-0.14.6
- completed:
    hackage: ldtk-types-1.2.3@sha256:17e2e422042da6b6870f4559b29e81434f67373ac5eefe56e0ce65d5a28746ff,2235
    pantry-tree:
      sha256: 428241f3fe5eb428c9baa590fd2a5ce6ef9cc211bce1f7597b3517d057798303
      size: 415
  original:
    hackage: ldtk-types-1.2.3
- completed:
    hackage: sdl2-2.5.5.0@sha256:9d1125181e651518ea960738266e3cef98c0c4fa2d5f9c35e67f4b0f87fd1464,12695
    pantry-tree:
      sha256: edba7eb6774cf869abc597f518e0491473cfbee2a91bc7416e25b7447730b335
      size: 6641
  original:
    hackage: sdl2-2.5.5.0
- completed:
    hackage: nspace-0.2.0.0@sha256:b64863a2aea36f11caee57556fec53198ba57dc7067e0b250f5f363be76799c4,2877
    pantry-tree:
      sha256: 09a55cef27b6b2e0e2d082a413d052abbcaa508428b4ac132f723c4a64eb3339
      size: 747
  original:
    hackage: nspace-0.2.0.0
- completed:
    hackage: monoidal-containers-0.6.4.0@sha256:ad2592b55c748a24ef6c51a8b064ce7dc9864ae20eff607e2e62a33a0789174c,2331
    pantry-tree:
      sha256: f989d07a9f615af2afe15bb6007b274731acdbe9cb2921800ce745728e045323
      size: 569
  original:
    hackage: monoidal-containers-0.6.4.0
snapshots:
- completed:
    sha256: 60e54c1ba3c1e7163acf6dafa9d56b2d3b23f88a31ad53a1c9d888f32561f8da
    size: 639819
    url: https://raw.githubusercontent.com/commercialhaskell/stackage-snapshots/master/lts/21/14.yaml
  original: lts-21.14
